
Microsoft Visual Studio Solution File, Format Version 12.00
# Visual Studio Version 16
VisualStudioVersion = 16.0.30309.148
MinimumVisualStudioVersion = 10.0.40219.1
Project("{FAE04EC0-301F-11D3-BF4B-00C04F79EFBC}") = "MZ.Common", "MZ.Common\MZ.Common.csproj", "{38B7C151-3567-4B90-A8F7-5CB29402A427}"
EndProject
Project("{FAE04EC0-301F-11D3-BF4B-00C04F79EFBC}") = "MZ.Common.Tests", "MZ.Common.Tests\MZ.Common.Tests.csproj", "{C18FEB0B-6D30-419A-B50C-D9699FF2EAAB}"
EndProject
Global
	GlobalSection(SolutionConfigurationPlatforms) = preSolution
		Debug|Any CPU = Debug|Any CPU
		Release|Any CPU = Release|Any CPU
	EndGlobalSection
	GlobalSection(ProjectConfigurationPlatforms) = postSolution
		{38B7C151-3567-4B90-A8F7-5CB29402A427}.Debug|Any CPU.ActiveCfg = Debug|Any CPU
		{38B7C151-3567-4B90-A8F7-5CB29402A427}.Debug|Any CPU.Build.0 = Debug|Any CPU
		{38B7C151-3567-4B90-A8F7-5CB29402A427}.Release|Any CPU.ActiveCfg = Release|Any CPU
		{38B7C151-3567-4B90-A8F7-5CB29402A427}.Release|Any CPU.Build.0 = Release|Any CPU
		{C18FEB0B-6D30-419A-B50C-D9699FF2EAAB}.Debug|Any CPU.ActiveCfg = Debug|Any CPU
		{C18FEB0B-6D30-419A-B50C-D9699FF2EAAB}.Debug|Any CPU.Build.0 = Debug|Any CPU
		{C18FEB0B-6D30-419A-B50C-D9699FF2EAAB}.Release|Any CPU.ActiveCfg = Release|Any CPU
		{C18FEB0B-6D30-419A-B50C-D9699FF2EAAB}.Release|Any CPU.Build.0 = Release|Any CPU
	EndGlobalSection
	GlobalSection(SolutionProperties) = preSolution
		HideSolutionNode = FALSE
	EndGlobalSection
	GlobalSection(ExtensibilityGlobals) = postSolution
		SolutionGuid = {FEA61E3B-9ABC-4496-B5D1-E72C1902FAE0}
	EndGlobalSection
EndGlobal
